Microsoft Visual Studio Solution File, Format Version 12.00
# Visual Studio Version 17
VisualStudioVersion = 17.2.32630.192
MinimumVisualStudioVersion = 10.0.40219.1
Project("{9A19103F-16F7-4668-BE54-9A1E7A4F7556}") = "X-Guide", "X-Guide\X-Guide.csproj", "{78569E50-901C-44AC-8244-55E77301D8A4}"
EndProject
Project("{54435603-DBB4-11D2-8724-00A0C9A8B90C}") = "X-Guide Setup", "X-Guide Setup\X-Guide Setup.vdproj", "{185EDC6A-006F-4584-AD6B-0DAC1BF0926B}"
EndProject
Project("{9A19103F-16F7-4668-BE54-9A1E7A4F7556}") = "XGuideSQLiteDB", "XGuideSQLiteDB\XGuideSQLiteDB.csproj", "{3224366D-9BAC-476C-8C39-1D819B9BADB8}"
EndProject
Project("{9A19103F-16F7-4668-BE54-9A1E7A4F7556}") = "HikVisionProvider", "HikVisionProvider\HikVisionProvider.csproj", "{2DD8DF6F-9BFD-4AC6-9A45-DBA8F5F50926}"
EndProject
Project("{9A19103F-16F7-4668-BE54-9A1E7A4F7556}") = "TcpConnectionHandler", "TcpConnectionHandler\TcpConnectionHandler.csproj", "{2BB9D9CA-4530-4CC3-B34A-58693207FA5E}"
EndProject
Project("{9A19103F-16F7-4668-BE54-9A1E7A4F7556}") = "WinCommonUtils", "WinCommonUtils\WinCommonUtils.csproj", "{29A30A74-5778-4AF8-A331-5FF517202141}"
EndProject
Project("{9A19103F-16F7-4668-BE54-9A1E7A4F7556}") = "VisionProvider", "VisionProvider.Interfaces\VisionProvider.csproj", "{FECEEAD3-AD55-4287-875B-C180DA672E55}"
EndProject
Project("{9A19103F-16F7-4668-BE54-9A1E7A4F7556}") = "TcpVisionProvider", "TcpVisionProvider\TcpVisionProvider.csproj", "{F9513E5D-093B-4495-B4CF-F24139B25861}"
EndProject
Project("{9A19103F-16F7-4668-BE54-9A1E7A4F7556}") = "ManipulatorTcp", "ManipulatorTcp\ManipulatorTcp.csproj", "{BD1341DB-36EB-43D8-8D4E-42901B83CE0A}"
EndProject
Project("{9A19103F-16F7-4668-BE54-9A1E7A4F7556}") = "CalibrationProvider", "CalibrationService\CalibrationProvider.csproj", "{D89B9106-54CA-48FC-BDEC-A686656CD9C8}"
EndProject
Project("{9A19103F-16F7-4668-BE54-9A1E7A4F7556}") = "UnitTestingDriver", "UnitTestingDriver\UnitTestingDriver.csproj", "{D16BF89B-A619-4C2B-A80A-12D8BB18FB5F}"
EndProject
Project("{9A19103F-16F7-4668-BE54-9A1E7A4F7556}") = "X-Vision", "X-Vision\X-Vision.csproj", "{6B18BFF4-3B80-4A7C-84AF-F856C4AB988D}"
EndProject
Project("{2150E333-8FDC-42A3-9474-1A3956D46DE8}") = "Solution Items", "Solution Items", "{620165F8-AE02-42C7-8644-9994B6461DE8}"
	ProjectSection(SolutionItems) = preProject
		.editorconfig = .editorconfig
	EndProjectSection
EndProject
Global
	GlobalSection(SolutionConfigurationPlatforms) = preSolution
		Debug|Any CPU = Debug|Any CPU
		Debug|x64 = Debug|x64
		Debug|x86 = Debug|x86
		Release|Any CPU = Release|Any CPU
		Release|x64 = Release|x64
		Release|x86 = Release|x86
	EndGlobalSection
	GlobalSection(ProjectConfigurationPlatforms) = postSolution
		{78569E50-901C-44AC-8244-55E77301D8A4}.Debug|Any CPU.ActiveCfg = Debug|Any CPU
		{78569E50-901C-44AC-8244-55E77301D8A4}.Debug|Any CPU.Build.0 = Debug|Any CPU
		{78569E50-901C-44AC-8244-55E77301D8A4}.Debug|x64.ActiveCfg = Debug|Any CPU
		{78569E50-901C-44AC-8244-55E77301D8A4}.Debug|x64.Build.0 = Debug|Any CPU
		{78569E50-901C-44AC-8244-55E77301D8A4}.Debug|x86.ActiveCfg = Debug|x64
		{78569E50-901C-44AC-8244-55E77301D8A4}.Debug|x86.Build.0 = Debug|x64
		{78569E50-901C-44AC-8244-55E77301D8A4}.Release|Any CPU.ActiveCfg = Release|Any CPU
		{78569E50-901C-44AC-8244-55E77301D8A4}.Release|Any CPU.Build.0 = Release|Any CPU
		{78569E50-901C-44AC-8244-55E77301D8A4}.Release|x64.ActiveCfg = Release|x64
		{78569E50-901C-44AC-8244-55E77301D8A4}.Release|x64.Build.0 = Release|x64
		{78569E50-901C-44AC-8244-55E77301D8A4}.Release|x86.ActiveCfg = Release|Any CPU
		{78569E50-901C-44AC-8244-55E77301D8A4}.Release|x86.Build.0 = Release|Any CPU
		{185EDC6A-006F-4584-AD6B-0DAC1BF0926B}.Debug|Any CPU.ActiveCfg = Debug
		{185EDC6A-006F-4584-AD6B-0DAC1BF0926B}.Debug|x64.ActiveCfg = Debug
		{185EDC6A-006F-4584-AD6B-0DAC1BF0926B}.Debug|x86.ActiveCfg = Debug
		{185EDC6A-006F-4584-AD6B-0DAC1BF0926B}.Release|Any CPU.ActiveCfg = Release
		{185EDC6A-006F-4584-AD6B-0DAC1BF0926B}.Release|x64.ActiveCfg = Release
		{185EDC6A-006F-4584-AD6B-0DAC1BF0926B}.Release|x86.ActiveCfg = Release
		{3224366D-9BAC-476C-8C39-1D819B9BADB8}.Debug|Any CPU.ActiveCfg = Debug|Any CPU
		{3224366D-9BAC-476C-8C39-1D819B9BADB8}.Debug|Any CPU.Build.0 = Debug|Any CPU
		{3224366D-9BAC-476C-8C39-1D819B9BADB8}.Debug|x64.ActiveCfg = Debug|Any CPU
		{3224366D-9BAC-476C-8C39-1D819B9BADB8}.Debug|x64.Build.0 = Debug|Any CPU
		{3224366D-9BAC-476C-8C39-1D819B9BADB8}.Debug|x86.ActiveCfg = Debug|Any CPU
		{3224366D-9BAC-476C-8C39-1D819B9BADB8}.Debug|x86.Build.0 = Debug|Any CPU
		{3224366D-9BAC-476C-8C39-1D819B9BADB8}.Release|Any CPU.ActiveCfg = Release|Any CPU
		{3224366D-9BAC-476C-8C39-1D819B9BADB8}.Release|Any CPU.Build.0 = Release|Any CPU
		{3224366D-9BAC-476C-8C39-1D819B9BADB8}.Release|x64.ActiveCfg = Release|Any CPU
		{3224366D-9BAC-476C-8C39-1D819B9BADB8}.Release|x64.Build.0 = Release|Any CPU
		{3224366D-9BAC-476C-8C39-1D819B9BADB8}.Release|x86.ActiveCfg = Release|Any CPU
		{3224366D-9BAC-476C-8C39-1D819B9BADB8}.Release|x86.Build.0 = Release|Any CPU
		{2DD8DF6F-9BFD-4AC6-9A45-DBA8F5F50926}.Debug|Any CPU.ActiveCfg = Debug|Any CPU
		{2DD8DF6F-9BFD-4AC6-9A45-DBA8F5F50926}.Debug|Any CPU.Build.0 = Debug|Any CPU
		{2DD8DF6F-9BFD-4AC6-9A45-DBA8F5F50926}.Debug|x64.ActiveCfg = Debug|Any CPU
		{2DD8DF6F-9BFD-4AC6-9A45-DBA8F5F50926}.Debug|x64.Build.0 = Debug|Any CPU
		{2DD8DF6F-9BFD-4AC6-9A45-DBA8F5F50926}.Debug|x86.ActiveCfg = Debug|Any CPU
		{2DD8DF6F-9BFD-4AC6-9A45-DBA8F5F50926}.Debug|x86.Build.0 = Debug|Any CPU
		{2DD8DF6F-9BFD-4AC6-9A45-DBA8F5F50926}.Release|Any CPU.ActiveCfg = Release|Any CPU
		{2DD8DF6F-9BFD-4AC6-9A45-DBA8F5F50926}.Release|Any CPU.Build.0 = Release|Any CPU
		{2DD8DF6F-9BFD-4AC6-9A45-DBA8F5F50926}.Release|x64.ActiveCfg = Release|Any CPU
		{2DD8DF6F-9BFD-4AC6-9A45-DBA8F5F50926}.Release|x64.Build.0 = Release|Any CPU
		{2DD8DF6F-9BFD-4AC6-9A45-DBA8F5F50926}.Release|x86.ActiveCfg = Release|Any CPU
		{2DD8DF6F-9BFD-4AC6-9A45-DBA8F5F50926}.Release|x86.Build.0 = Release|Any CPU
		{2BB9D9CA-4530-4CC3-B34A-58693207FA5E}.Debug|Any CPU.ActiveCfg = Debug|Any CPU
		{2BB9D9CA-4530-4CC3-B34A-58693207FA5E}.Debug|Any CPU.Build.0 = Debug|Any CPU
		{2BB9D9CA-4530-4CC3-B34A-58693207FA5E}.Debug|x64.ActiveCfg = Debug|Any CPU
		{2BB9D9CA-4530-4CC3-B34A-58693207FA5E}.Debug|x64.Build.0 = Debug|Any CPU
		{2BB9D9CA-4530-4CC3-B34A-58693207FA5E}.Debug|x86.ActiveCfg = Debug|Any CPU
		{2BB9D9CA-4530-4CC3-B34A-58693207FA5E}.Debug|x86.Build.0 = Debug|Any CPU
		{2BB9D9CA-4530-4CC3-B34A-58693207FA5E}.Release|Any CPU.ActiveCfg = Release|Any CPU
		{2BB9D9CA-4530-4CC3-B34A-58693207FA5E}.Release|Any CPU.Build.0 = Release|Any CPU
		{2BB9D9CA-4530-4CC3-B34A-58693207FA5E}.Release|x64.ActiveCfg = Release|Any CPU
		{2BB9D9CA-4530-4CC3-B34A-58693207FA5E}.Release|x64.Build.0 = Release|Any CPU
		{2BB9D9CA-4530-4CC3-B34A-58693207FA5E}.Release|x86.ActiveCfg = Release|Any CPU
		{2BB9D9CA-4530-4CC3-B34A-58693207FA5E}.Release|x86.Build.0 = Release|Any CPU
		{29A30A74-5778-4AF8-A331-5FF517202141}.Debug|Any CPU.ActiveCfg = Debug|Any CPU
		{29A30A74-5778-4AF8-A331-5FF517202141}.Debug|Any CPU.Build.0 = Debug|Any CPU
		{29A30A74-5778-4AF8-A331-5FF517202141}.Debug|x64.ActiveCfg = Debug|Any CPU
		{29A30A74-5778-4AF8-A331-5FF517202141}.Debug|x64.Build.0 = Debug|Any CPU
		{29A30A74-5778-4AF8-A331-5FF517202141}.Debug|x86.ActiveCfg = Debug|Any CPU
		{29A30A74-5778-4AF8-A331-5FF517202141}.Debug|x86.Build.0 = Debug|Any CPU
		{29A30A74-5778-4AF8-A331-5FF517202141}.Release|Any CPU.ActiveCfg = Release|Any CPU
		{29A30A74-5778-4AF8-A331-5FF517202141}.Release|Any CPU.Build.0 = Release|Any CPU
		{29A30A74-5778-4AF8-A331-5FF517202141}.Release|x64.ActiveCfg = Release|Any CPU
		{29A30A74-5778-4AF8-A331-5FF517202141}.Release|x64.Build.0 = Release|Any CPU
		{29A30A74-5778-4AF8-A331-5FF517202141}.Release|x86.ActiveCfg = Release|Any CPU
		{29A30A74-5778-4AF8-A331-5FF517202141}.Release|x86.Build.0 = Release|Any CPU
		{FECEEAD3-AD55-4287-875B-C180DA672E55}.Debug|Any CPU.ActiveCfg = Debug|Any CPU
		{FECEEAD3-AD55-4287-875B-C180DA672E55}.Debug|Any CPU.Build.0 = Debug|Any CPU
		{FECEEAD3-AD55-4287-875B-C180DA672E55}.Debug|x64.ActiveCfg = Debug|Any CPU
		{FECEEAD3-AD55-4287-875B-C180DA672E55}.Debug|x64.Build.0 = Debug|Any CPU
		{FECEEAD3-AD55-4287-875B-C180DA672E55}.Debug|x86.ActiveCfg = Debug|Any CPU
		{FECEEAD3-AD55-4287-875B-C180DA672E55}.Debug|x86.Build.0 = Debug|Any CPU
		{FECEEAD3-AD55-4287-875B-C180DA672E55}.Release|Any CPU.ActiveCfg = Release|Any CPU
		{FECEEAD3-AD55-4287-875B-C180DA672E55}.Release|Any CPU.Build.0 = Release|Any CPU
		{FECEEAD3-AD55-4287-875B-C180DA672E55}.Release|x64.ActiveCfg = Release|Any CPU
		{FECEEAD3-AD55-4287-875B-C180DA672E55}.Release|x64.Build.0 = Release|Any CPU
		{FECEEAD3-AD55-4287-875B-C180DA672E55}.Release|x86.ActiveCfg = Release|Any CPU
		{FECEEAD3-AD55-4287-875B-C180DA672E55}.Release|x86.Build.0 = Release|Any CPU
		{F9513E5D-093B-4495-B4CF-F24139B25861}.Debug|Any CPU.ActiveCfg = Debug|Any CPU
		{F9513E5D-093B-4495-B4CF-F24139B25861}.Debug|Any CPU.Build.0 = Debug|Any CPU
		{F9513E5D-093B-4495-B4CF-F24139B25861}.Debug|x64.ActiveCfg = Debug|Any CPU
		{F9513E5D-093B-4495-B4CF-F24139B25861}.Debug|x64.Build.0 = Debug|Any CPU
		{F9513E5D-093B-4495-B4CF-F24139B25861}.Debug|x86.ActiveCfg = Debug|Any CPU
		{F9513E5D-093B-4495-B4CF-F24139B25861}.Debug|x86.Build.0 = Debug|Any CPU
		{F9513E5D-093B-4495-B4CF-F24139B25861}.Release|Any CPU.ActiveCfg = Release|Any CPU
		{F9513E5D-093B-4495-B4CF-F24139B25861}.Release|Any CPU.Build.0 = Release|Any CPU
		{F9513E5D-093B-4495-B4CF-F24139B25861}.Release|x64.ActiveCfg = Release|Any CPU
		{F9513E5D-093B-4495-B4CF-F24139B25861}.Release|x64.Build.0 = Release|Any CPU
		{F9513E5D-093B-4495-B4CF-F24139B25861}.Release|x86.ActiveCfg = Release|Any CPU
		{F9513E5D-093B-4495-B4CF-F24139B25861}.Release|x86.Build.0 = Release|Any CPU
		{BD1341DB-36EB-43D8-8D4E-42901B83CE0A}.Debug|Any CPU.ActiveCfg = Debug|Any CPU
		{BD1341DB-36EB-43D8-8D4E-42901B83CE0A}.Debug|Any CPU.Build.0 = Debug|Any CPU
		{BD1341DB-36EB-43D8-8D4E-42901B83CE0A}.Debug|x64.ActiveCfg = Debug|Any CPU
		{BD1341DB-36EB-43D8-8D4E-42901B83CE0A}.Debug|x64.Build.0 = Debug|Any CPU
		{BD1341DB-36EB-43D8-8D4E-42901B83CE0A}.Debug|x86.ActiveCfg = Debug|Any CPU
		{BD1341DB-36EB-43D8-8D4E-42901B83CE0A}.Debug|x86.Build.0 = Debug|Any CPU
		{BD1341DB-36EB-43D8-8D4E-42901B83CE0A}.Release|Any CPU.ActiveCfg = Release|Any CPU
		{BD1341DB-36EB-43D8-8D4E-42901B83CE0A}.Release|Any CPU.Build.0 = Release|Any CPU
		{BD1341DB-36EB-43D8-8D4E-42901B83CE0A}.Release|x64.ActiveCfg = Release|Any CPU
		{BD1341DB-36EB-43D8-8D4E-42901B83CE0A}.Release|x64.Build.0 = Release|Any CPU
		{BD1341DB-36EB-43D8-8D4E-42901B83CE0A}.Release|x86.ActiveCfg = Release|Any CPU
		{BD1341DB-36EB-43D8-8D4E-42901B83CE0A}.Release|x86.Build.0 = Release|Any CPU
		{D89B9106-54CA-48FC-BDEC-A686656CD9C8}.Debug|Any CPU.ActiveCfg = Debug|Any CPU
		{D89B9106-54CA-48FC-BDEC-A686656CD9C8}.Debug|Any CPU.Build.0 = Debug|Any CPU
		{D89B9106-54CA-48FC-BDEC-A686656CD9C8}.Debug|x64.ActiveCfg = Debug|Any CPU
		{D89B9106-54CA-48FC-BDEC-A686656CD9C8}.Debug|x64.Build.0 = Debug|Any CPU
		{D89B9106-54CA-48FC-BDEC-A686656CD9C8}.Debug|x86.ActiveCfg = Debug|Any CPU
		{D89B9106-54CA-48FC-BDEC-A686656CD9C8}.Debug|x86.Build.0 = Debug|Any CPU
		{D89B9106-54CA-48FC-BDEC-A686656CD9C8}.Release|Any CPU.ActiveCfg = Release|Any CPU
		{D89B9106-54CA-48FC-BDEC-A686656CD9C8}.Release|Any CPU.Build.0 = Release|Any CPU
		{D89B9106-54CA-48FC-BDEC-A686656CD9C8}.Release|x64.ActiveCfg = Release|Any CPU
		{D89B9106-54CA-48FC-BDEC-A686656CD9C8}.Release|x64.Build.0 = Release|Any CPU
		{D89B9106-54CA-48FC-BDEC-A686656CD9C8}.Release|x86.ActiveCfg = Release|Any CPU
		{D89B9106-54CA-48FC-BDEC-A686656CD9C8}.Release|x86.Build.0 = Release|Any CPU
		{D16BF89B-A619-4C2B-A80A-12D8BB18FB5F}.Debug|Any CPU.ActiveCfg = Debug|Any CPU
		{D16BF89B-A619-4C2B-A80A-12D8BB18FB5F}.Debug|Any CPU.Build.0 = Debug|Any CPU
		{D16BF89B-A619-4C2B-A80A-12D8BB18FB5F}.Debug|x64.ActiveCfg = Debug|Any CPU
		{D16BF89B-A619-4C2B-A80A-12D8BB18FB5F}.Debug|x64.Build.0 = Debug|Any CPU
		{D16BF89B-A619-4C2B-A80A-12D8BB18FB5F}.Debug|x86.ActiveCfg = Debug|Any CPU
		{D16BF89B-A619-4C2B-A80A-12D8BB18FB5F}.Debug|x86.Build.0 = Debug|Any CPU
		{D16BF89B-A619-4C2B-A80A-12D8BB18FB5F}.Release|Any CPU.ActiveCfg = Release|Any CPU
		{D16BF89B-A619-4C2B-A80A-12D8BB18FB5F}.Release|Any CPU.Build.0 = Release|Any CPU
		{D16BF89B-A619-4C2B-A80A-12D8BB18FB5F}.Release|x64.ActiveCfg = Release|Any CPU
		{D16BF89B-A619-4C2B-A80A-12D8BB18FB5F}.Release|x64.Build.0 = Release|Any CPU
		{D16BF89B-A619-4C2B-A80A-12D8BB18FB5F}.Release|x86.ActiveCfg = Release|Any CPU
		{D16BF89B-A619-4C2B-A80A-12D8BB18FB5F}.Release|x86.Build.0 = Release|Any CPU
		{6B18BFF4-3B80-4A7C-84AF-F856C4AB988D}.Debug|Any CPU.ActiveCfg = Debug|Any CPU
		{6B18BFF4-3B80-4A7C-84AF-F856C4AB988D}.Debug|Any CPU.Build.0 = Debug|Any CPU
		{6B18BFF4-3B80-4A7C-84AF-F856C4AB988D}.Debug|x64.ActiveCfg = Debug|Any CPU
		{6B18BFF4-3B80-4A7C-84AF-F856C4AB988D}.Debug|x64.Build.0 = Debug|Any CPU
		{6B18BFF4-3B80-4A7C-84AF-F856C4AB988D}.Debug|x86.ActiveCfg = Debug|Any CPU
		{6B18BFF4-3B80-4A7C-84AF-F856C4AB988D}.Debug|x86.Build.0 = Debug|Any CPU
		{6B18BFF4-3B80-4A7C-84AF-F856C4AB988D}.Release|Any CPU.ActiveCfg = Release|Any CPU
		{6B18BFF4-3B80-4A7C-84AF-F856C4AB988D}.Release|Any CPU.Build.0 = Release|Any CPU
		{6B18BFF4-3B80-4A7C-84AF-F856C4AB988D}.Release|x64.ActiveCfg = Release|Any CPU
		{6B18BFF4-3B80-4A7C-84AF-F856C4AB988D}.Release|x64.Build.0 = Release|Any CPU
		{6B18BFF4-3B80-4A7C-84AF-F856C4AB988D}.Release|x86.ActiveCfg = Release|Any CPU
		{6B18BFF4-3B80-4A7C-84AF-F856C4AB988D}.Release|x86.Build.0 = Release|Any CPU
	EndGlobalSection
	GlobalSection(SolutionProperties) = preSolution
		HideSolutionNode = FALSE
	EndGlobalSection
	GlobalSection(ExtensibilityGlobals) = postSolution
		SolutionGuid = {A8F4FE5D-AF18-49DE-A527-F43E4E0E9ADC}
	EndGlobalSection
EndGlobal
